
Microsoft Visual Studio Solution File, Format Version 12.00
# Visual Studio Version 16
VisualStudioVersion = 16.0.30717.126
MinimumVisualStudioVersion = 10.0.40219.1
Project("{FAE04EC0-301F-11D3-BF4B-00C04F79EFBC}") = "SistemMenaxhimitTeStudenteve", "SistemMenaxhimitTeStudenteve\SistemMenaxhimitTeStudenteve.csproj", "{29C2330C-8647-4024-8CC5-F20822FC6331}"
EndProject
Global
	GlobalSection(SolutionConfigurationPlatforms) = preSolution
		Debug|Any CPU = Debug|Any CPU
		Release|Any CPU = Release|Any CPU
	EndGlobalSection
	GlobalSection(ProjectConfigurationPlatforms) = postSolution
		{29C2330C-8647-4024-8CC5-F20822FC6331}.Debug|Any CPU.ActiveCfg = Debug|Any CPU
		{29C2330C-8647-4024-8CC5-F20822FC6331}.Debug|Any CPU.Build.0 = Debug|Any CPU
		{29C2330C-8647-4024-8CC5-F20822FC6331}.Release|Any CPU.ActiveCfg = Release|Any CPU
		{29C2330C-8647-4024-8CC5-F20822FC6331}.Release|Any CPU.Build.0 = Release|Any CPU
	EndGlobalSection
	GlobalSection(SolutionProperties) = preSolution
		HideSolutionNode = FALSE
	EndGlobalSection
	GlobalSection(ExtensibilityGlobals) = postSolution
		SolutionGuid = {6AD1B01D-6B6A-4FA1-B5B5-C7E5BDADAFD8}
	EndGlobalSection
EndGlobal
